// !$*UTF8*$!
{
	archiveVersion = 1;
	classes = {
	};
	objectVersion = 56;
	objects = {

/* Begin PBXBuildFile section */
		6C52A5852A65FFFB00310E44 /* SelectImageViewModel.swift in Sources */ = {isa = PBXBuildFile; fileRef = 6C52A5842A65FFFB00310E44 /* SelectImageViewModel.swift */; };
		6C7A7CF92A658637002BFFC3 /* ShopingListApp.swift in Sources */ = {isa = PBXBuildFile; fileRef = 6C7A7CF82A658637002BFFC3 /* ShopingListApp.swift */; };
		6C7A7CFB2A658637002BFFC3 /* ShopingListView.swift in Sources */ = {isa = PBXBuildFile; fileRef = 6C7A7CFA2A658637002BFFC3 /* ShopingListView.swift */; };
		6C7A7CFD2A658638002BFFC3 /* Assets.xcassets in Resources */ = {isa = PBXBuildFile; fileRef = 6C7A7CFC2A658638002BFFC3 /* Assets.xcassets */; };
		6C7A7D002A658638002BFFC3 /* Preview Assets.xcassets in Resources */ = {isa = PBXBuildFile; fileRef = 6C7A7CFF2A658638002BFFC3 /* Preview Assets.xcassets */; };
		6C7A7D022A658638002BFFC3 /* Persistence.swift in Sources */ = {isa = PBXBuildFile; fileRef = 6C7A7D012A658638002BFFC3 /* Persistence.swift */; };
		6C7A7D052A658638002BFFC3 /* ShopingList.xcdatamodeld in Sources */ = {isa = PBXBuildFile; fileRef = 6C7A7D032A658638002BFFC3 /* ShopingList.xcdatamodeld */; };
		6C7A7D0D2A6586BE002BFFC3 /* Compras+CoreDataClass.swift in Sources */ = {isa = PBXBuildFile; fileRef = 6C7A7D0B2A6586BE002BFFC3 /* Compras+CoreDataClass.swift */; };
		6C7A7D0E2A6586BE002BFFC3 /* Compras+CoreDataProperties.swift in Sources */ = {isa = PBXBuildFile; fileRef = 6C7A7D0C2A6586BE002BFFC3 /* Compras+CoreDataProperties.swift */; };
		6C7A7D102A658980002BFFC3 /* AgregarArticuloView.swift in Sources */ = {isa = PBXBuildFile; fileRef = 6C7A7D0F2A658980002BFFC3 /* AgregarArticuloView.swift */; };
/* End PBXBuildFile section */

/* Begin PBXFileReference section */
		6C52A5842A65FFFB00310E44 /* SelectImageViewModel.swift */ = {isa = PBXFileReference; fileEncoding = 4; lastKnownFileType = sourcecode.swift; path = SelectImageViewModel.swift; sourceTree = "<group>"; };
		6C7A7CF52A658637002BFFC3 /* ShopingList.app */ = {isa = PBXFileReference; explicitFileType = wrapper.application; includeInIndex = 0; path = ShopingList.app; sourceTree = BUILT_PRODUCTS_DIR; };
		6C7A7CF82A658637002BFFC3 /* ShopingListApp.swift */ = {isa = PBXFileReference; lastKnownFileType = sourcecode.swift; path = ShopingListApp.swift; sourceTree = "<group>"; };
		6C7A7CFA2A658637002BFFC3 /* ShopingListView.swift */ = {isa = PBXFileReference; lastKnownFileType = sourcecode.swift; path = ShopingListView.swift; sourceTree = "<group>"; };
		6C7A7CFC2A658638002BFFC3 /* Assets.xcassets */ = {isa = PBXFileReference; lastKnownFileType = folder.assetcatalog; path = Assets.xcassets; sourceTree = "<group>"; };
		6C7A7CFF2A658638002BFFC3 /* Preview Assets.xcassets */ = {isa = PBXFileReference; lastKnownFileType = folder.assetcatalog; path = "Preview Assets.xcassets"; sourceTree = "<group>"; };
		6C7A7D012A658638002BFFC3 /* Persistence.swift */ = {isa = PBXFileReference; lastKnownFileType = sourcecode.swift; path = Persistence.swift; sourceTree = "<group>"; };
		6C7A7D042A658638002BFFC3 /* ShopingList.xcdatamodel */ = {isa = PBXFileReference; lastKnownFileType = wrapper.xcdatamodel; path = ShopingList.xcdatamodel; sourceTree = "<group>"; };
		6C7A7D0B2A6586BE002BFFC3 /* Compras+CoreDataClass.swift */ = {isa = PBXFileReference; lastKnownFileType = sourcecode.swift; path = "Compras+CoreDataClass.swift"; sourceTree = "<group>"; };
		6C7A7D0C2A6586BE002BFFC3 /* Compras+CoreDataProperties.swift */ = {isa = PBXFileReference; lastKnownFileType = sourcecode.swift; path = "Compras+CoreDataProperties.swift"; sourceTree = "<group>"; };
		6C7A7D0F2A658980002BFFC3 /* AgregarArticuloView.swift */ = {isa = PBXFileReference; lastKnownFileType = sourcecode.swift; path = AgregarArticuloView.swift; sourceTree = "<group>"; };
/* End PBXFileReference section */

/* Begin PBXFrameworksBuildPhase section */
		6C7A7CF22A658637002BFFC3 /* Frameworks */ = {
			isa = PBXFrameworksBuildPhase;
			buildActionMask = 2147483647;
			files = (
			);
			runOnlyForDeploymentPostprocessing = 0;
		};
/* End PBXFrameworksBuildPhase section */

/* Begin PBXGroup section */
		6C52A5832A65FFF000310E44 /* ViewModel */ = {
			isa = PBXGroup;
			children = (
				6C52A5842A65FFFB00310E44 /* SelectImageViewModel.swift */,
			);
			path = ViewModel;
			sourceTree = "<group>";
		};
		6C52A5862A66001C00310E44 /* View */ = {
			isa = PBXGroup;
			children = (
				6C7A7CFA2A658637002BFFC3 /* ShopingListView.swift */,
				6C7A7D0F2A658980002BFFC3 /* AgregarArticuloView.swift */,
			);
			path = View;
			sourceTree = "<group>";
		};
		6C7A7CEC2A658637002BFFC3 = {
			isa = PBXGroup;
			children = (
				6C7A7D0B2A6586BE002BFFC3 /* Compras+CoreDataClass.swift */,
				6C7A7D0C2A6586BE002BFFC3 /* Compras+CoreDataProperties.swift */,
				6C7A7CF72A658637002BFFC3 /* ShopingList */,
				6C7A7CF62A658637002BFFC3 /* Products */,
			);
			sourceTree = "<group>";
		};
		6C7A7CF62A658637002BFFC3 /* Products */ = {
			isa = PBXGroup;
			children = (
				6C7A7CF52A658637002BFFC3 /* ShopingList.app */,
			);
			name = Products;
			sourceTree = "<group>";
		};
		6C7A7CF72A658637002BFFC3 /* ShopingList */ = {
			isa = PBXGroup;
			children = (
				6C7A7CF82A658637002BFFC3 /* ShopingListApp.swift */,
				6C52A5832A65FFF000310E44 /* ViewModel */,
				6C52A5862A66001C00310E44 /* View */,
				6C7A7CFC2A658638002BFFC3 /* Assets.xcassets */,
				6C7A7D012A658638002BFFC3 /* Persistence.swift */,
				6C7A7D032A658638002BFFC3 /* ShopingList.xcdatamodeld */,
				6C7A7CFE2A658638002BFFC3 /* Preview Content */,
			);
			path = ShopingList;
			sourceTree = "<group>";
		};
		6C7A7CFE2A658638002BFFC3 /* Preview Content */ = {
			isa = PBXGroup;
			children = (
				6C7A7CFF2A658638002BFFC3 /* Preview Assets.xcassets */,
			);
			path = "Preview Content";
			sourceTree = "<group>";
		};
/* End PBXGroup section */

/* Begin PBXNativeTarget section */
		6C7A7CF42A658637002BFFC3 /* ShopingList */ = {
			isa = PBXNativeTarget;
			buildConfigurationList = 6C7A7D082A658638002BFFC3 /* Build configuration list for PBXNativeTarget "ShopingList" */;
			buildPhases = (
				6C7A7CF12A658637002BFFC3 /* Sources */,
				6C7A7CF22A658637002BFFC3 /* Frameworks */,
				6C7A7CF32A658637002BFFC3 /* Resources */,
			);
			buildRules = (
			);
			dependencies = (
			);
			name = ShopingList;
			productName = ShopingList;
			productReference = 6C7A7CF52A658637002BFFC3 /* ShopingList.app */;
			productType = "com.apple.product-type.application";
		};
/* End PBXNativeTarget section */

/* Begin PBXProject section */
		6C7A7CED2A658637002BFFC3 /* Project object */ = {
			isa = PBXProject;
			attributes = {
				BuildIndependentTargetsInParallel = 1;
				LastSwiftUpdateCheck = 1430;
				LastUpgradeCheck = 1430;
				TargetAttributes = {
					6C7A7CF42A658637002BFFC3 = {
						CreatedOnToolsVersion = 14.3.1;
					};
				};
			};
			buildConfigurationList = 6C7A7CF02A658637002BFFC3 /* Build configuration list for PBXProject "ShopingList" */;
			compatibilityVersion = "Xcode 14.0";
			developmentRegion = en;
			hasScannedForEncodings = 0;
			knownRegions = (
				en,
				Base,
			);
			mainGroup = 6C7A7CEC2A658637002BFFC3;
			productRefGroup = 6C7A7CF62A658637002BFFC3 /* Products */;
			projectDirPath = "";
			projectRoot = "";
			targets = (
				6C7A7CF42A658637002BFFC3 /* ShopingList */,
			);
		};
/* End PBXProject section */

/* Begin PBXResourcesBuildPhase section */
		6C7A7CF32A658637002BFFC3 /* Resources */ = {
			isa = PBXResourcesBuildPhase;
			buildActionMask = 2147483647;
			files = (
				6C7A7D002A658638002BFFC3 /* Preview Assets.xcassets in Resources */,
				6C7A7CFD2A658638002BFFC3 /* Assets.xcassets in Resources */,
			);
			runOnlyForDeploymentPostprocessing = 0;
		};
/* End PBXResourcesBuildPhase section */

/* Begin PBXSourcesBuildPhase section */
		6C7A7CF12A658637002BFFC3 /* Sources */ = {
			isa = PBXSourcesBuildPhase;
			buildActionMask = 2147483647;
			files = (
				6C7A7D102A658980002BFFC3 /* AgregarArticuloView.swift in Sources */,
				6C7A7D052A658638002BFFC3 /* ShopingList.xcdatamodeld in Sources */,
				6C7A7D022A658638002BFFC3 /* Persistence.swift in Sources */,
				6C52A5852A65FFFB00310E44 /* SelectImageViewModel.swift in Sources */,
				6C7A7CFB2A658637002BFFC3 /* ShopingListView.swift in Sources */,
				6C7A7CF92A658637002BFFC3 /* ShopingListApp.swift in Sources */,
				6C7A7D0E2A6586BE002BFFC3 /* Compras+CoreDataProperties.swift in Sources */,
				6C7A7D0D2A6586BE002BFFC3 /* Compras+CoreDataClass.swift in Sources */,
			);
			runOnlyForDeploymentPostprocessing = 0;
		};
/* End PBXSourcesBuildPhase section */

/* Begin XCBuildConfiguration section */
		6C7A7D062A658638002BFFC3 /* Debug */ = {
			isa = XCBuildConfiguration;
			buildSettings = {
				ALWAYS_SEARCH_USER_PATHS = NO;
				CLANG_ANALYZER_NONNULL = YES;
				CLANG_ANALYZER_NUMBER_OBJECT_CONVERSION = YES_AGGRESSIVE;
				CLANG_CXX_LANGUAGE_STANDARD = "gnu++20";
				CLANG_ENABLE_MODULES = YES;
				CLANG_ENABLE_OBJC_ARC = YES;
				CLANG_ENABLE_OBJC_WEAK = YES;
				CLANG_WARN_BLOCK_CAPTURE_AUTORELEASING = YES;
				CLANG_WARN_BOOL_CONVERSION = YES;
				CLANG_WARN_COMMA = YES;
				CLANG_WARN_CONSTANT_CONVERSION = YES;
				CLANG_WARN_DEPRECATED_OBJC_IMPLEMENTATIONS = YES;
				CLANG_WARN_DIRECT_OBJC_ISA_USAGE = YES_ERROR;
				CLANG_WARN_DOCUMENTATION_COMMENTS = YES;
				CLANG_WARN_EMPTY_BODY = YES;
				CLANG_WARN_ENUM_CONVERSION = YES;
				CLANG_WARN_INFINITE_RECURSION = YES;
				CLANG_WARN_INT_CONVERSION = YES;
				CLANG_WARN_NON_LITERAL_NULL_CONVERSION = YES;
				CLANG_WARN_OBJC_IMPLICIT_RETAIN_SELF = YES;
				CLANG_WARN_OBJC_LITERAL_CONVERSION = YES;
				CLANG_WARN_OBJC_ROOT_CLASS = YES_ERROR;
				CLANG_WARN_QUOTED_INCLUDE_IN_FRAMEWORK_HEADER = YES;
				CLANG_WARN_RANGE_LOOP_ANALYSIS = YES;
				CLANG_WARN_STRICT_PROTOTYPES = YES;
				CLANG_WARN_SUSPICIOUS_MOVE = YES;
				CLANG_WARN_UNGUARDED_AVAILABILITY = YES_AGGRESSIVE;
				CLANG_WARN_UNREACHABLE_CODE = YES;
				CLANG_WARN__DUPLICATE_METHOD_MATCH = YES;
				COPY_PHASE_STRIP = NO;
				DEBUG_INFORMATION_FORMAT = dwarf;
				ENABLE_STRICT_OBJC_MSGSEND = YES;
				ENABLE_TESTABILITY = YES;
				GCC_C_LANGUAGE_STANDARD = gnu11;
				GCC_DYNAMIC_NO_PIC = NO;
				GCC_NO_COMMON_BLOCKS = YES;
				GCC_OPTIMIZATION_LEVEL = 0;
				GCC_PREPROCESSOR_DEFINITIONS = (
					"DEBUG=1",
					"$(inherited)",
				);
				GCC_WARN_64_TO_32_BIT_CONVERSION = YES;
				GCC_WARN_ABOUT_RETURN_TYPE = YES_ERROR;
				GCC_WARN_UNDECLARED_SELECTOR = YES;
				GCC_WARN_UNINITIALIZED_AUTOS = YES_AGGRESSIVE;
				GCC_WARN_UNUSED_FUNCTION = YES;
				GCC_WARN_UNUSED_VARIABLE = YES;
				IPHONEOS_DEPLOYMENT_TARGET = 16.4;
				MTL_ENABLE_DEBUG_INFO = INCLUDE_SOURCE;
				MTL_FAST_MATH = YES;
				ONLY_ACTIVE_ARCH = YES;
				SDKROOT = iphoneos;
				SWIFT_ACTIVE_COMPILATION_CONDITIONS = DEBUG;
				SWIFT_OPTIMIZATION_LEVEL = "-Onone";
			};
			name = Debug;
		};
		6C7A7D072A658638002BFFC3 /* Release */ = {
			isa = XCBuildConfiguration;
			buildSettings = {
				ALWAYS_SEARCH_USER_PATHS = NO;
				CLANG_ANALYZER_NONNULL = YES;
				CLANG_ANALYZER_NUMBER_OBJECT_CONVERSION = YES_AGGRESSIVE;
				CLANG_CXX_LANGUAGE_STANDARD = "gnu++20";
				CLANG_ENABLE_MODULES = YES;
				CLANG_ENABLE_OBJC_ARC = YES;
				CLANG_ENABLE_OBJC_WEAK = YES;
				CLANG_WARN_BLOCK_CAPTURE_AUTORELEASING = YES;
				CLANG_WARN_BOOL_CONVERSION = YES;
				CLANG_WARN_COMMA = YES;
				CLANG_WARN_CONSTANT_CONVERSION = YES;
				CLANG_WARN_DEPRECATED_OBJC_IMPLEMENTATIONS = YES;
				CLANG_WARN_DIRECT_OBJC_ISA_USAGE = YES_ERROR;
				CLANG_WARN_DOCUMENTATION_COMMENTS = YES;
				CLANG_WARN_EMPTY_BODY = YES;
				CLANG_WARN_ENUM_CONVERSION = YES;
				CLANG_WARN_INFINITE_RECURSION = YES;
				CLANG_WARN_INT_CONVERSION = YES;
				CLANG_WARN_NON_LITERAL_NULL_CONVERSION = YES;
				CLANG_WARN_OBJC_IMPLICIT_RETAIN_SELF = YES;
				CLANG_WARN_OBJC_LITERAL_CONVERSION = YES;
				CLANG_WARN_OBJC_ROOT_CLASS = YES_ERROR;
				CLANG_WARN_QUOTED_INCLUDE_IN_FRAMEWORK_HEADER = YES;
				CLANG_WARN_RANGE_LOOP_ANALYSIS = YES;
				CLANG_WARN_STRICT_PROTOTYPES = YES;
				CLANG_WARN_SUSPICIOUS_MOVE = YES;
				CLANG_WARN_UNGUARDED_AVAILABILITY = YES_AGGRESSIVE;
				CLANG_WARN_UNREACHABLE_CODE = YES;
				CLANG_WARN__DUPLICATE_METHOD_MATCH = YES;
				COPY_PHASE_STRIP = NO;
				DEBUG_INFORMATION_FORMAT = "dwarf-with-dsym";
				ENABLE_NS_ASSERTIONS = NO;
				ENABLE_STRICT_OBJC_MSGSEND = YES;
				GCC_C_LANGUAGE_STANDARD = gnu11;
				GCC_NO_COMMON_BLOCKS = YES;
				GCC_WARN_64_TO_32_BIT_CONVERSION = YES;
				GCC_WARN_ABOUT_RETURN_TYPE = YES_ERROR;
				GCC_WARN_UNDECLARED_SELECTOR = YES;
				GCC_WARN_UNINITIALIZED_AUTOS = YES_AGGRESSIVE;
				GCC_WARN_UNUSED_FUNCTION = YES;
				GCC_WARN_UNUSED_VARIABLE = YES;
				IPHONEOS_DEPLOYMENT_TARGET = 16.4;
				MTL_ENABLE_DEBUG_INFO = NO;
				MTL_FAST_MATH = YES;
				SDKROOT = iphoneos;
				SWIFT_COMPILATION_MODE = wholemodule;
				SWIFT_OPTIMIZATION_LEVEL = "-O";
				VALIDATE_PRODUCT = YES;
			};
			name = Release;
		};
		6C7A7D092A658638002BFFC3 /* Debug */ = {
			isa = XCBuildConfiguration;
			buildSettings = {
				ASSETCATALOG_COMPILER_APPICON_NAME = AppIcon;
				ASSETCATALOG_COMPILER_GLOBAL_ACCENT_COLOR_NAME = AccentColor;
				CODE_SIGN_STYLE = Automatic;
				CURRENT_PROJECT_VERSION = 1;
				DEVELOPMENT_ASSET_PATHS = "\"ShopingList/Preview Content\"";
				DEVELOPMENT_TEAM = 345UR7Z9A7;
				ENABLE_PREVIEWS = YES;
				GENERATE_INFOPLIST_FILE = YES;
				INFOPLIST_KEY_UIApplicationSceneManifest_Generation = YES;
				INFOPLIST_KEY_UIApplicationSupportsIndirectInputEvents = YES;
				INFOPLIST_KEY_UILaunchScreen_Generation = YES;
				INFOPLIST_KEY_UISupportedInterfaceOrientations_iPad = "UIInterfaceOrientationPortrait UIInterfaceOrientationPortraitUpsideDown UIInterfaceOrientationLandscapeLeft UIInterfaceOrientationLandscapeRight";
				INFOPLIST_KEY_UISupportedInterfaceOrientations_iPhone = "UIInterfaceOrientationPortrait UIInterfaceOrientationLandscapeLeft UIInterfaceOrientationLandscapeRight";
				LD_RUNPATH_SEARCH_PATHS = (
					"$(inherited)",
					"@executable_path/Frameworks",
				);
				MARKETING_VERSION = 1.0;
				PRODUCT_BUNDLE_IDENTIFIER = com.rotadevsolutions.ShopingList;
				PRODUCT_NAME = "$(TARGET_NAME)";
				SWIFT_EMIT_LOC_STRINGS = YES;
				SWIFT_VERSION = 5.0;
				TARGETED_DEVICE_FAMILY = "1,2";
			};
			name = Debug;
		};
		6C7A7D0A2A658638002BFFC3 /* Release */ = {
			isa = XCBuildConfiguration;
			buildSettings = {
				ASSETCATALOG_COMPILER_APPICON_NAME = AppIcon;
				ASSETCATALOG_COMPILER_GLOBAL_ACCENT_COLOR_NAME = AccentColor;
				CODE_SIGN_STYLE = Automatic;
				CURRENT_PROJECT_VERSION = 1;
				DEVELOPMENT_ASSET_PATHS = "\"ShopingList/Preview Content\"";
				DEVELOPMENT_TEAM = 345UR7Z9A7;
				ENABLE_PREVIEWS = YES;
				GENERATE_INFOPLIST_FILE = YES;
				INFOPLIST_KEY_UIApplicationSceneManifest_Generation = YES;
				INFOPLIST_KEY_UIApplicationSupportsIndirectInputEvents = YES;
				INFOPLIST_KEY_UILaunchScreen_Generation = YES;
				INFOPLIST_KEY_UISupportedInterfaceOrientations_iPad = "UIInterfaceOrientationPortrait UIInterfaceOrientationPortraitUpsideDown UIInterfaceOrientationLandscapeLeft UIInterfaceOrientationLandscapeRight";
				INFOPLIST_KEY_UISupportedInterfaceOrientations_iPhone = "UIInterfaceOrientationPortrait UIInterfaceOrientationLandscapeLeft UIInterfaceOrientationLandscapeRight";
				LD_RUNPATH_SEARCH_PATHS = (
					"$(inherited)",
					"@executable_path/Frameworks",
				);
				MARKETING_VERSION = 1.0;
				PRODUCT_BUNDLE_IDENTIFIER = com.rotadevsolutions.ShopingList;
				PRODUCT_NAME = "$(TARGET_NAME)";
				SWIFT_EMIT_LOC_STRINGS = YES;
				SWIFT_VERSION = 5.0;
				TARGETED_DEVICE_FAMILY = "1,2";
			};
			name = Release;
		};
/* End XCBuildConfiguration section */

/* Begin XCConfigurationList section */
		6C7A7CF02A658637002BFFC3 /* Build configuration list for PBXProject "ShopingList" */ = {
			isa = XCConfigurationList;
			buildConfigurations = (
				6C7A7D062A658638002BFFC3 /* Debug */,
				6C7A7D072A658638002BFFC3 /* Release */,
			);
			defaultConfigurationIsVisible = 0;
			defaultConfigurationName = Release;
		};
		6C7A7D082A658638002BFFC3 /* Build configuration list for PBXNativeTarget "ShopingList" */ = {
			isa = XCConfigurationList;
			buildConfigurations = (
				6C7A7D092A658638002BFFC3 /* Debug */,
				6C7A7D0A2A658638002BFFC3 /* Release */,
			);
			defaultConfigurationIsVisible = 0;
			defaultConfigurationName = Release;
		};
/* End XCConfigurationList section */

/* Begin XCVersionGroup section */
		6C7A7D032A658638002BFFC3 /* ShopingList.xcdatamodeld */ = {
			isa = XCVersionGroup;
			children = (
				6C7A7D042A658638002BFFC3 /* ShopingList.xcdatamodel */,
			);
			currentVersion = 6C7A7D042A658638002BFFC3 /* ShopingList.xcdatamodel */;
			path = ShopingList.xcdatamodeld;
			sourceTree = "<group>";
			versionGroupType = wrapper.xcdatamodel;
		};
/* End XCVersionGroup section */
	};
	rootObject = 6C7A7CED2A658637002BFFC3 /* Project object */;
}
